{
   "modules" : {
      "AnyEvent" : {
         "dist" : "AnyEvent-7.04",
         "mymeta" : {
            "abstract" : "unknown",
            "author" : [
               "unknown"
            ],
            "dynamic_config" : 0,
            "generated_by" : "ExtUtils::MakeMaker version 6.62, CPAN::Meta::Converter version 2.112150, CPAN::Meta::Converter version 2.131560",
            "license" : [
               "unknown"
            ],
            "meta-spec" : {
               "url" : "http://search.cpan.org/perldoc?CPAN::Meta::Spec",
               "version" : "2"
            },
            "name" : "AnyEvent",
            "no_index" : {
               "directory" : [
                  "t",
                  "inc"
               ]
            },
            "prereqs" : {
               "build" : {
                  "requires" : {
                     "ExtUtils::MakeMaker" : "0"
                  }
               },
               "configure" : {
                  "requires" : {
                     "ExtUtils::MakeMaker" : "0"
                  }
               },
               "runtime" : {
                  "recommends" : {
                     "Async::Interrupt" : "1",
                     "EV" : "4",
                     "Guard" : "1.02",
                     "JSON" : "2.09",
                     "JSON::XS" : "2.2",
                     "Net::SSLeay" : "1.33",
                     "Task::Weaken" : "0"
                  },
                  "requires" : {}
               }
            },
            "release_status" : "stable",
            "version" : "7.04"
         },
         "name" : "AnyEvent",
         "pathname" : "M/ML/MLEHMANN/AnyEvent-7.04.tar.gz",
         "provides" : {
            "AE" : {
               "file" : "AE.pm",
               "version" : "0"
            },
            "AE::Log::COLLECT" : {
               "file" : "AnyEvent/Log.pm"
            },
            "AE::Log::FILTER" : {
               "file" : "AnyEvent/Log.pm"
            },
            "AE::Log::LOG" : {
               "file" : "AnyEvent/Log.pm"
            },
            "AnyEvent" : {
               "file" : "AnyEvent.pm",
               "version" : "7.04"
            },
            "AnyEvent::Base" : {
               "file" : "AnyEvent.pm"
            },
            "AnyEvent::CondVar" : {
               "file" : "AnyEvent.pm"
            },
            "AnyEvent::CondVar::Base" : {
               "file" : "AnyEvent.pm"
            },
            "AnyEvent::DNS" : {
               "file" : "AnyEvent/DNS.pm",
               "version" : "0"
            },
            "AnyEvent::Debug" : {
               "file" : "AnyEvent/Debug.pm"
            },
            "AnyEvent::Debug::Backtrace" : {
               "file" : "AnyEvent/Debug.pm"
            },
            "AnyEvent::Debug::Wrap" : {
               "file" : "AnyEvent/Debug.pm"
            },
            "AnyEvent::Debug::Wrapped" : {
               "file" : "AnyEvent/Debug.pm"
            },
            "AnyEvent::Debug::shell" : {
               "file" : "AnyEvent/Debug.pm"
            },
            "AnyEvent::Handle" : {
               "file" : "AnyEvent/Handle.pm",
               "version" : "0"
            },
            "AnyEvent::IO" : {
               "file" : "AnyEvent/IO.pm"
            },
            "AnyEvent::IO::IOAIO" : {
               "file" : "AnyEvent/IO/IOAIO.pm",
               "version" : "0"
            },
            "AnyEvent::IO::Perl" : {
               "file" : "AnyEvent/IO/Perl.pm",
               "version" : "0"
            },
            "AnyEvent::Impl::Cocoa" : {
               "file" : "AnyEvent/Impl/Cocoa.pm"
            },
            "AnyEvent::Impl::EV" : {
               "file" : "AnyEvent/Impl/EV.pm"
            },
            "AnyEvent::Impl::Event" : {
               "file" : "AnyEvent/Impl/Event.pm"
            },
            "AnyEvent::Impl::EventLib" : {
               "file" : "AnyEvent/Impl/EventLib.pm"
            },
            "AnyEvent::Impl::FLTK" : {
               "file" : "AnyEvent/Impl/FLTK.pm"
            },
            "AnyEvent::Impl::Glib" : {
               "file" : "AnyEvent/Impl/Glib.pm"
            },
            "AnyEvent::Impl::IOAsync" : {
               "file" : "AnyEvent/Impl/IOAsync.pm"
            },
            "AnyEvent::Impl::Irssi" : {
               "file" : "AnyEvent/Impl/Irssi.pm"
            },
            "AnyEvent::Impl::POE" : {
               "file" : "AnyEvent/Impl/POE.pm"
            },
            "AnyEvent::Impl::Perl" : {
               "file" : "AnyEvent/Impl/Perl.pm",
               "version" : "0"
            },
            "AnyEvent::Impl::Qt" : {
               "file" : "AnyEvent/Impl/Qt.pm"
            },
            "AnyEvent::Impl::Qt::Io" : {
               "file" : "AnyEvent/Impl/Qt.pm"
            },
            "AnyEvent::Impl::Qt::Timer" : {
               "file" : "AnyEvent/Impl/Qt.pm"
            },
            "AnyEvent::Impl::Tk" : {
               "file" : "AnyEvent/Impl/Tk.pm"
            },
            "AnyEvent::Log" : {
               "file" : "AnyEvent/Log.pm",
               "version" : "0"
            },
            "AnyEvent::Log::COLLECT" : {
               "file" : "AnyEvent/Log.pm"
            },
            "AnyEvent::Log::Ctx" : {
               "file" : "AnyEvent/Log.pm"
            },
            "AnyEvent::Log::FILTER" : {
               "file" : "AnyEvent/Log.pm"
            },
            "AnyEvent::Log::LOG" : {
               "file" : "AnyEvent/Log.pm"
            },
            "AnyEvent::Loop" : {
               "file" : "AnyEvent/Loop.pm",
               "version" : "0"
            },
            "AnyEvent::Socket" : {
               "file" : "AnyEvent/Socket.pm",
               "version" : "0"
            },
            "AnyEvent::Strict" : {
               "file" : "AnyEvent/Strict.pm"
            },
            "AnyEvent::TLS" : {
               "file" : "AnyEvent/TLS.pm",
               "version" : "0"
            },
            "AnyEvent::Util" : {
               "file" : "AnyEvent/Util.pm",
               "version" : "0"
            }
         },
         "target" : "AnyEvent",
         "version" : "7.04"
      },
      "AnyEvent::HTTP" : {
         "dist" : "AnyEvent-HTTP-2.15",
         "mymeta" : {
            "abstract" : "unknown",
            "author" : [
               "unknown"
            ],
            "dynamic_config" : 0,
            "generated_by" : "ExtUtils::MakeMaker version 6.62, CPAN::Meta::Converter version 2.112150, CPAN::Meta::Converter version 2.131560",
            "license" : [
               "unknown"
            ],
            "meta-spec" : {
               "url" : "http://search.cpan.org/perldoc?CPAN::Meta::Spec",
               "version" : "2"
            },
            "name" : "AnyEvent-HTTP",
            "no_index" : {
               "directory" : [
                  "t",
                  "inc"
               ]
            },
            "prereqs" : {
               "build" : {
                  "requires" : {
                     "ExtUtils::MakeMaker" : "0"
                  }
               },
               "configure" : {
                  "requires" : {
                     "ExtUtils::MakeMaker" : "0"
                  }
               },
               "runtime" : {
                  "requires" : {
                     "AnyEvent" : "5.33",
                     "common::sense" : "3.3"
                  }
               }
            },
            "release_status" : "stable",
            "version" : "2.15"
         },
         "name" : "AnyEvent::HTTP",
         "pathname" : "M/ML/MLEHMANN/AnyEvent-HTTP-2.15.tar.gz",
         "provides" : {
            "AnyEvent::HTTP" : {
               "file" : "AnyEvent/HTTP.pm",
               "version" : "2.15"
            }
         },
         "target" : "AnyEvent::HTTP",
         "version" : "2.15"
      },
      "AnyEvent::Twitter::Stream" : {
         "dist" : "AnyEvent-Twitter-Stream-0.26",
         "mymeta" : {
            "abstract" : "Receive Twitter streaming API in an event loop",
            "author" : [
               "Tatsuhiko Miyagawa <miyagawa@bulknews.net>"
            ],
            "dynamic_config" : 0,
            "generated_by" : "Dist::Milla version v1.0.2, Dist::Zilla version 4.300034, CPAN::Meta::Converter version 2.131560",
            "license" : [
               "perl_5"
            ],
            "meta-spec" : {
               "url" : "http://search.cpan.org/perldoc?CPAN::Meta::Spec",
               "version" : "2"
            },
            "name" : "AnyEvent-Twitter-Stream",
            "no_index" : {
               "directory" : [
                  "t",
                  "xt",
                  "inc",
                  "share",
                  "eg",
                  "examples"
               ]
            },
            "prereqs" : {
               "configure" : {
                  "requires" : {
                     "Module::Build::Tiny" : "0.023"
                  }
               },
               "develop" : {
                  "requires" : {
                     "Test::Pod" : "1.41"
                  }
               },
               "runtime" : {
                  "requires" : {
                     "AnyEvent" : "0",
                     "AnyEvent::HTTP" : "2.0",
                     "JSON" : "2.0",
                     "URI" : "0",
                     "perl" : "5.008001"
                  }
               },
               "test" : {
                  "requires" : {
                     "Test::More" : "0",
                     "Test::Requires" : "0",
                     "Test::TCP" : "0"
                  }
               }
            },
            "release_status" : "stable",
            "resources" : {
               "bugtracker" : {
                  "web" : "https://github.com/miyagawa/AnyEvent-Twitter-Stream/issues"
               },
               "homepage" : "https://github.com/miyagawa/AnyEvent-Twitter-Stream",
               "repository" : {
                  "type" : "git",
                  "url" : "https://github.com/miyagawa/AnyEvent-Twitter-Stream.git",
                  "web" : "https://github.com/miyagawa/AnyEvent-Twitter-Stream"
               }
            },
            "version" : "0.26",
            "x_contributors" : [
               "Chris Prather <chris@prather.org>",
               "Daisuke Murase <typester@cpan.org>",
               "Marc Mims <marc@questright.com>",
               "Mark Norman Francis <norm@cackhanded.net>",
               "Masayuki Matsuki <y.songmu@gmail.com>",
               "Tatsuhiko Miyagawa <miyagawa@gmail.com>",
               "franck cuny <franck@lumberjaph.net>",
               "hidekiy <hideki.yamamura@gmail.com>",
               "megamic <megamic@cpan.org>",
               "punytan <punytan@gmail.com>"
            ]
         },
         "name" : "AnyEvent::Twitter::Stream",
         "pathname" : "M/MI/MIYAGAWA/AnyEvent-Twitter-Stream-0.26.tar.gz",
         "provides" : {
            "AnyEvent::Twitter::Stream" : {
               "file" : "AnyEvent/Twitter/Stream.pm",
               "version" : "0.26"
            }
         },
         "target" : "AnyEvent::Twitter::Stream",
         "version" : "0.26"
      },
      "ExtUtils::Config" : {
         "dist" : "ExtUtils-Config-0.007",
         "mymeta" : {
            "abstract" : "A wrapper for perl's configuration",
            "author" : [
               "Ken Williams <kwilliams@cpan.org>",
               "Leon Timmermans <leont@cpan.org>"
            ],
            "dynamic_config" : 0,
            "generated_by" : "Dist::Zilla version 4.300021, CPAN::Meta::Converter version 2.120921, CPAN::Meta::Converter version 2.131560",
            "license" : [
               "perl_5"
            ],
            "meta-spec" : {
               "url" : "http://search.cpan.org/perldoc?CPAN::Meta::Spec",
               "version" : "2"
            },
            "name" : "ExtUtils-Config",
            "prereqs" : {
               "build" : {
                  "requires" : {
                     "File::Find" : "0",
                     "File::Temp" : "0",
                     "Test::More" : "0.88"
                  }
               },
               "configure" : {
                  "requires" : {
                     "ExtUtils::MakeMaker" : "6.30"
                  }
               },
               "runtime" : {
                  "requires" : {
                     "Config" : "0",
                     "Data::Dumper" : "0",
                     "strict" : "0",
                     "warnings" : "0"
                  }
               }
            },
            "release_status" : "stable",
            "resources" : {
               "bugtracker" : {
                  "web" : "http://rt.cpan.org/Public/Dist/Display.html?Name=ExtUtils-Config"
               },
               "repository" : {
                  "type" : "git",
                  "url" : "git://github.com/Leont/extutils-config.git"
               }
            },
            "version" : "0.007"
         },
         "name" : "ExtUtils::Config",
         "pathname" : "L/LE/LEONT/ExtUtils-Config-0.007.tar.gz",
         "provides" : {
            "ExtUtils::Config" : {
               "file" : "ExtUtils/Config.pm",
               "version" : "0.007"
            }
         },
         "target" : "ExtUtils::Config",
         "version" : "0.007"
      },
      "ExtUtils::Helpers" : {
         "dist" : "ExtUtils-Helpers-0.021",
         "mymeta" : {
            "abstract" : "Various portability utilities for module builders",
            "author" : [
               "Ken Williams <kwilliams@cpan.org>",
               "Leon Timmermans <leont@cpan.org>"
            ],
            "dynamic_config" : 0,
            "generated_by" : "Dist::Zilla version 4.300033, CPAN::Meta::Converter version 2.130880, CPAN::Meta::Converter version 2.131560",
            "license" : [
               "perl_5"
            ],
            "meta-spec" : {
               "url" : "http://search.cpan.org/perldoc?CPAN::Meta::Spec",
               "version" : "2"
            },
            "name" : "ExtUtils-Helpers",
            "prereqs" : {
               "build" : {
                  "requires" : {
                     "Cwd" : "0",
                     "File::Find" : "0",
                     "File::Temp" : "0",
                     "Test::More" : "0"
                  }
               },
               "configure" : {
                  "requires" : {
                     "ExtUtils::MakeMaker" : "6.30"
                  }
               },
               "runtime" : {
                  "requires" : {
                     "Carp" : "0",
                     "Config" : "0",
                     "Exporter" : "5.57",
                     "File::Basename" : "0",
                     "File::Copy" : "0",
                     "File::Spec::Functions" : "0",
                     "Module::Load" : "0",
                     "Text::ParseWords" : "3.24",
                     "strict" : "0",
                     "warnings" : "0"
                  }
               }
            },
            "release_status" : "stable",
            "resources" : {
               "bugtracker" : {
                  "web" : "http://rt.cpan.org/Public/Dist/Display.html?Name=ExtUtils-Helpers"
               },
               "repository" : {
                  "type" : "git",
                  "url" : "git://github.com/Leont/extutils-helpers.git"
               }
            },
            "version" : "0.021"
         },
         "name" : "ExtUtils::Helpers",
         "pathname" : "L/LE/LEONT/ExtUtils-Helpers-0.021.tar.gz",
         "provides" : {
            "ExtUtils::Helpers" : {
               "file" : "ExtUtils/Helpers.pm",
               "version" : "0.021"
            },
            "ExtUtils::Helpers::Unix" : {
               "file" : "ExtUtils/Helpers/Unix.pm",
               "version" : "0.021"
            },
            "ExtUtils::Helpers::VMS" : {
               "file" : "ExtUtils/Helpers/VMS.pm",
               "version" : "0.021"
            },
            "ExtUtils::Helpers::Windows" : {
               "file" : "ExtUtils/Helpers/Windows.pm",
               "version" : "0.021"
            }
         },
         "target" : "ExtUtils::Helpers",
         "version" : "0.021"
      },
      "ExtUtils::InstallPaths" : {
         "dist" : "ExtUtils-InstallPaths-0.009",
         "mymeta" : {
            "abstract" : "Build.PL install path logic made easy",
            "author" : [
               "Ken Williams <kwilliams@cpan.org>",
               "Leon Timmermans <leont@cpan.org>"
            ],
            "dynamic_config" : 0,
            "generated_by" : "Dist::Zilla version 4.300021, CPAN::Meta::Converter version 2.120921, CPAN::Meta::Converter version 2.131560",
            "license" : [
               "perl_5"
            ],
            "meta-spec" : {
               "url" : "http://search.cpan.org/perldoc?CPAN::Meta::Spec",
               "version" : "2"
            },
            "name" : "ExtUtils-InstallPaths",
            "prereqs" : {
               "build" : {
                  "requires" : {
                     "Config" : "0",
                     "File::Find" : "0",
                     "File::Spec::Functions" : "0",
                     "File::Temp" : "0",
                     "Test::More" : "0"
                  }
               },
               "configure" : {
                  "requires" : {
                     "ExtUtils::MakeMaker" : "6.30"
                  }
               },
               "runtime" : {
                  "requires" : {
                     "Carp" : "0",
                     "ExtUtils::Config" : "0.002",
                     "File::Spec" : "0",
                     "strict" : "0",
                     "warnings" : "0"
                  }
               }
            },
            "release_status" : "stable",
            "resources" : {
               "bugtracker" : {
                  "web" : "http://rt.cpan.org/Public/Dist/Display.html?Name=ExtUtils-InstallPaths"
               },
               "repository" : {
                  "type" : "git",
                  "url" : "git://github.com/Leont/extutils-installpaths.git"
               }
            },
            "version" : "0.009"
         },
         "name" : "ExtUtils::InstallPaths",
         "pathname" : "L/LE/LEONT/ExtUtils-InstallPaths-0.009.tar.gz",
         "provides" : {
            "ExtUtils::InstallPaths" : {
               "file" : "ExtUtils/InstallPaths.pm",
               "version" : "0.009"
            }
         },
         "target" : "ExtUtils::InstallPaths",
         "version" : "0.009"
      },
      "JSON" : {
         "dist" : "JSON-2.59",
         "mymeta" : {
            "abstract" : "JSON (JavaScript Object Notation) encoder/decoder",
            "author" : [
               "Makamaka Hannyaharamitu, E<lt>makamaka[at]cpan.orgE<gt>"
            ],
            "dynamic_config" : 0,
            "generated_by" : "ExtUtils::MakeMaker version 6.62, CPAN::Meta::Converter version 2.130880, CPAN::Meta::Converter version 2.131560",
            "license" : [
               "perl_5"
            ],
            "meta-spec" : {
               "url" : "http://search.cpan.org/perldoc?CPAN::Meta::Spec",
               "version" : "2"
            },
            "name" : "JSON",
            "no_index" : {
               "directory" : [
                  "t",
                  "inc"
               ]
            },
            "prereqs" : {
               "build" : {
                  "requires" : {
                     "ExtUtils::MakeMaker" : "0"
                  }
               },
               "configure" : {
                  "requires" : {
                     "ExtUtils::MakeMaker" : "0"
                  }
               },
               "runtime" : {
                  "recommends" : {
                     "JSON::XS" : "2.34"
                  },
                  "requires" : {
                     "Test::More" : "0"
                  }
               }
            },
            "release_status" : "stable",
            "resources" : {
               "repository" : {
                  "url" : "https://github.com/makamaka/JSON"
               }
            },
            "version" : "2.59"
         },
         "name" : "JSON",
         "pathname" : "M/MA/MAKAMAKA/JSON-2.59.tar.gz",
         "provides" : {
            "JSON" : {
               "file" : "JSON.pm",
               "version" : "2.59"
            },
            "JSON::Backend::PP" : {
               "file" : "JSON.pm"
            },
            "JSON::Boolean" : {
               "file" : "JSON.pm"
            },
            "JSON::PP5005" : {
               "file" : "JSON/backportPP/Compat5005.pm",
               "version" : "1.10"
            },
            "JSON::PP56" : {
               "file" : "JSON/backportPP/Compat5006.pm",
               "version" : "1.08"
            },
            "JSON::backportPP::Boolean" : {
               "file" : "JSON/backportPP.pm",
               "version" : "1.01"
            }
         },
         "target" : "JSON",
         "version" : "2.59"
      },
      "Module::Build::Tiny" : {
         "dist" : "Module-Build-Tiny-0.024",
         "mymeta" : {
            "abstract" : "A tiny replacement for Module::Build",
            "author" : [
               "Leon Timmermans <leont@cpan.org>",
               "David Golden <dagolden@cpan.org>"
            ],
            "dynamic_config" : 0,
            "generated_by" : "Dist::Zilla version 4.300034, CPAN::Meta::Converter version 2.120921, CPAN::Meta::Converter version 2.131560",
            "license" : [
               "perl_5"
            ],
            "meta-spec" : {
               "url" : "http://search.cpan.org/perldoc?CPAN::Meta::Spec",
               "version" : "2"
            },
            "name" : "Module-Build-Tiny",
            "prereqs" : {
               "configure" : {
                  "requires" : {
                     "CPAN::Meta" : "0",
                     "Exporter" : "5.57",
                     "ExtUtils::CBuilder" : "0",
                     "ExtUtils::Config" : "0.003",
                     "ExtUtils::Helpers" : "0.020",
                     "ExtUtils::Install" : "0",
                     "ExtUtils::InstallPaths" : "0.002",
                     "ExtUtils::ParseXS" : "0",
                     "File::Basename" : "0",
                     "File::Find" : "0",
                     "File::Path" : "0",
                     "File::Spec::Functions" : "0",
                     "Getopt::Long" : "0",
                     "JSON::PP" : "2",
                     "Pod::Man" : "0",
                     "TAP::Harness" : "0",
                     "perl" : "5.006",
                     "strict" : "0",
                     "warnings" : "0"
                  }
               },
               "develop" : {
                  "requires" : {
                     "Test::Pod" : "1.41"
                  }
               },
               "runtime" : {
                  "requires" : {
                     "CPAN::Meta" : "0",
                     "Exporter" : "5.57",
                     "ExtUtils::CBuilder" : "0",
                     "ExtUtils::Config" : "0.003",
                     "ExtUtils::Helpers" : "0.020",
                     "ExtUtils::Install" : "0",
                     "ExtUtils::InstallPaths" : "0.002",
                     "ExtUtils::ParseXS" : "0",
                     "File::Basename" : "0",
                     "File::Find" : "0",
                     "File::Path" : "0",
                     "File::Spec::Functions" : "0",
                     "Getopt::Long" : "0",
                     "JSON::PP" : "2",
                     "Pod::Man" : "0",
                     "TAP::Harness" : "0",
                     "perl" : "5.006",
                     "strict" : "0",
                     "warnings" : "0"
                  },
                  "suggests" : {
                     "constant" : "1.27"
                  }
               },
               "test" : {
                  "requires" : {
                     "Carp" : "0",
                     "Config" : "0",
                     "Cwd" : "0",
                     "Data::Dumper" : "0",
                     "File::Spec" : "0",
                     "File::Temp" : "0",
                     "IO::File" : "0",
                     "IPC::Open2" : "0",
                     "Test::More" : "0.88",
                     "XSLoader" : "0",
                     "blib" : "0"
                  },
                  "suggests" : {
                     "File::ShareDir" : "1.000"
                  }
               }
            },
            "release_status" : "stable",
            "resources" : {
               "bugtracker" : {
                  "mailto" : "bug-module-build-tiny at rt.cpan.org",
                  "web" : "http://rt.cpan.org/Public/Dist/Display.html?Name=Module-Build-Tiny"
               },
               "repository" : {
                  "type" : "git",
                  "url" : "git://github.com/Leont/module-build-tiny.git",
                  "web" : "https://github.com/Leont/module-build-tiny"
               }
            },
            "version" : "0.024"
         },
         "name" : "Module::Build::Tiny",
         "pathname" : "L/LE/LEONT/Module-Build-Tiny-0.024.tar.gz",
         "provides" : {
            "Module::Build::Tiny" : {
               "file" : "Module/Build/Tiny.pm",
               "version" : "0.024"
            }
         },
         "target" : "Module::Build::Tiny",
         "version" : "0.024"
      },
      "URI" : {
         "dist" : "URI-1.60",
         "mymeta" : {
            "abstract" : "Uniform Resource Identifiers (absolute and relative)",
            "author" : [
               "Gisle Aas <gisle@activestate.com>"
            ],
            "dynamic_config" : 0,
            "generated_by" : "ExtUtils::MakeMaker version 6.57_05, CPAN::Meta::Converter version 2.131560",
            "license" : [
               "perl_5"
            ],
            "meta-spec" : {
               "url" : "http://search.cpan.org/perldoc?CPAN::Meta::Spec",
               "version" : "2"
            },
            "name" : "URI",
            "no_index" : {
               "directory" : [
                  "t",
                  "inc"
               ]
            },
            "prereqs" : {
               "build" : {
                  "requires" : {
                     "ExtUtils::MakeMaker" : "0",
                     "Test" : "0",
                     "Test::More" : "0"
                  }
               },
               "configure" : {
                  "requires" : {
                     "ExtUtils::MakeMaker" : "0"
                  }
               },
               "runtime" : {
                  "recommends" : {
                     "Business::ISBN" : "0"
                  },
                  "requires" : {
                     "MIME::Base64" : "2",
                     "perl" : "5.008001"
                  }
               }
            },
            "release_status" : "stable",
            "resources" : {
               "repository" : {
                  "url" : "https://github.com/libwww-perl/uri"
               },
               "x_MailingList" : "mailto:libwww@perl.org"
            },
            "version" : "1.60"
         },
         "name" : "URI",
         "pathname" : "G/GA/GAAS/URI-1.60.tar.gz",
         "provides" : {
            "URI" : {
               "file" : "URI.pm",
               "version" : "1.60"
            },
            "URI::Escape" : {
               "file" : "URI/Escape.pm",
               "version" : "3.31"
            },
            "URI::Heuristic" : {
               "file" : "URI/Heuristic.pm",
               "version" : "4.20"
            },
            "URI::IRI" : {
               "file" : "URI/IRI.pm"
            },
            "URI::QueryParam" : {
               "file" : "URI/QueryParam.pm"
            },
            "URI::Split" : {
               "file" : "URI/Split.pm"
            },
            "URI::URL" : {
               "file" : "URI/URL.pm",
               "version" : "5.04"
            },
            "URI::WithBase" : {
               "file" : "URI/WithBase.pm",
               "version" : "2.20"
            },
            "URI::data" : {
               "file" : "URI/data.pm"
            },
            "URI::file" : {
               "file" : "URI/file.pm",
               "version" : "4.21"
            },
            "URI::file::Base" : {
               "file" : "URI/file/Base.pm"
            },
            "URI::file::FAT" : {
               "file" : "URI/file/FAT.pm"
            },
            "URI::file::Mac" : {
               "file" : "URI/file/Mac.pm"
            },
            "URI::file::OS2" : {
               "file" : "URI/file/OS2.pm"
            },
            "URI::file::QNX" : {
               "file" : "URI/file/QNX.pm"
            },
            "URI::file::Unix" : {
               "file" : "URI/file/Unix.pm"
            },
            "URI::file::Win32" : {
               "file" : "URI/file/Win32.pm"
            },
            "URI::ftp" : {
               "file" : "URI/ftp.pm"
            },
            "URI::gopher" : {
               "file" : "URI/gopher.pm"
            },
            "URI::http" : {
               "file" : "URI/http.pm"
            },
            "URI::https" : {
               "file" : "URI/https.pm"
            },
            "URI::ldap" : {
               "file" : "URI/ldap.pm",
               "version" : "1.12"
            },
            "URI::ldapi" : {
               "file" : "URI/ldapi.pm"
            },
            "URI::ldaps" : {
               "file" : "URI/ldaps.pm"
            },
            "URI::mailto" : {
               "file" : "URI/mailto.pm"
            },
            "URI::mms" : {
               "file" : "URI/mms.pm"
            },
            "URI::news" : {
               "file" : "URI/news.pm"
            },
            "URI::nntp" : {
               "file" : "URI/nntp.pm"
            },
            "URI::pop" : {
               "file" : "URI/pop.pm"
            },
            "URI::rlogin" : {
               "file" : "URI/rlogin.pm"
            },
            "URI::rsync" : {
               "file" : "URI/rsync.pm"
            },
            "URI::rtsp" : {
               "file" : "URI/rtsp.pm"
            },
            "URI::rtspu" : {
               "file" : "URI/rtspu.pm"
            },
            "URI::sip" : {
               "file" : "URI/sip.pm",
               "version" : "0.11"
            },
            "URI::sips" : {
               "file" : "URI/sips.pm"
            },
            "URI::snews" : {
               "file" : "URI/snews.pm"
            },
            "URI::ssh" : {
               "file" : "URI/ssh.pm"
            },
            "URI::telnet" : {
               "file" : "URI/telnet.pm"
            },
            "URI::tn3270" : {
               "file" : "URI/tn3270.pm"
            },
            "URI::urn" : {
               "file" : "URI/urn.pm"
            },
            "URI::urn::isbn" : {
               "file" : "URI/urn/isbn.pm"
            },
            "URI::urn::oid" : {
               "file" : "URI/urn/oid.pm"
            }
         },
         "target" : "URI",
         "version" : "1.60"
      },
      "common::sense" : {
         "dist" : "common-sense-3.6",
         "mymeta" : {
            "abstract" : "unknown",
            "author" : [
               "unknown"
            ],
            "dynamic_config" : 0,
            "generated_by" : "ExtUtils::MakeMaker version 6.62, CPAN::Meta::Converter version 2.112150, CPAN::Meta::Converter version 2.131560",
            "license" : [
               "unknown"
            ],
            "meta-spec" : {
               "url" : "http://search.cpan.org/perldoc?CPAN::Meta::Spec",
               "version" : "2"
            },
            "name" : "common-sense",
            "no_index" : {
               "directory" : [
                  "t",
                  "inc"
               ]
            },
            "prereqs" : {
               "build" : {
                  "requires" : {
                     "ExtUtils::MakeMaker" : "0"
                  }
               },
               "configure" : {
                  "requires" : {
                     "ExtUtils::MakeMaker" : "0"
                  }
               },
               "runtime" : {
                  "requires" : {}
               }
            },
            "release_status" : "stable",
            "version" : "3.6"
         },
         "name" : "common::sense",
         "pathname" : "M/ML/MLEHMANN/common-sense-3.6.tar.gz",
         "provides" : {
            "common::sense" : {
               "file" : "common/sense.pm",
               "version" : "3.6"
            }
         },
         "target" : "common::sense",
         "version" : "3.6"
      }
   },
   "version" : "0.9"
}
